
Microsoft Visual Studio Solution File, Format Version 12.00
# Visual Studio Version 17
VisualStudioVersion = 17.6.33829.357
MinimumVisualStudioVersion = 10.0.40219.1
Project("{FAE04EC0-301F-11D3-BF4B-00C04F79EFBC}") = "SalesManagementSystem", "SalesManagementSystem\SalesManagementSystem.csproj", "{FBDCE727-CC53-4029-B857-C4EDA220FEFA}"
EndProject
Project("{FAE04EC0-301F-11D3-BF4B-00C04F79EFBC}") = "SalesManagementSystemWeb", "SalesManagementSystemWeb\SalesManagementSystemWeb.csproj", "{08422AB0-98C0-4BFF-A3BF-8F20DBC42940}"
EndProject
Global
	GlobalSection(SolutionConfigurationPlatforms) = preSolution
		Debug|Any CPU = Debug|Any CPU
		Release|Any CPU = Release|Any CPU
	EndGlobalSection
	GlobalSection(ProjectConfigurationPlatforms) = postSolution
		{FBDCE727-CC53-4029-B857-C4EDA220FEFA}.Debug|Any CPU.ActiveCfg = Debug|Any CPU
		{FBDCE727-CC53-4029-B857-C4EDA220FEFA}.Debug|Any CPU.Build.0 = Debug|Any CPU
		{FBDCE727-CC53-4029-B857-C4EDA220FEFA}.Release|Any CPU.ActiveCfg = Release|Any CPU
		{FBDCE727-CC53-4029-B857-C4EDA220FEFA}.Release|Any CPU.Build.0 = Release|Any CPU
		{08422AB0-98C0-4BFF-A3BF-8F20DBC42940}.Debug|Any CPU.ActiveCfg = Debug|Any CPU
		{08422AB0-98C0-4BFF-A3BF-8F20DBC42940}.Debug|Any CPU.Build.0 = Debug|Any CPU
		{08422AB0-98C0-4BFF-A3BF-8F20DBC42940}.Release|Any CPU.ActiveCfg = Release|Any CPU
		{08422AB0-98C0-4BFF-A3BF-8F20DBC42940}.Release|Any CPU.Build.0 = Release|Any CPU
	EndGlobalSection
	GlobalSection(SolutionProperties) = preSolution
		HideSolutionNode = FALSE
	EndGlobalSection
	GlobalSection(ExtensibilityGlobals) = postSolution
		SolutionGuid = {1B2A28F7-2B21-47B1-8A35-72CF51F267F6}
	EndGlobalSection
EndGlobal
